
Microsoft Visual Studio Solution File, Format Version 12.00
# Visual Studio Version 16
VisualStudioVersion = 16.0.29318.209
MinimumVisualStudioVersion = 10.0.40219.1
Project("{9A19103F-16F7-4668-BE54-9A1E7A4F7556}") = "SearchfightApp", "SearchfightApp\SearchfightApp.csproj", "{D8D5DBDA-DAB6-4C42-91F1-4846F5E80E36}"
EndProject
Project("{9A19103F-16F7-4668-BE54-9A1E7A4F7556}") = "SearchEngine", "SearchEngine\SearchEngine.csproj", "{6188933A-195C-4370-BEF4-48F960D9C88D}"
EndProject
Project("{FAE04EC0-301F-11D3-BF4B-00C04F79EFBC}") = "UnitTests", "UnitTests\UnitTests.csproj", "{948DA885-AB5F-49BD-BD1F-580012E78079}"
EndProject
Global
	GlobalSection(SolutionConfigurationPlatforms) = preSolution
		Debug|Any CPU = Debug|Any CPU
		Release|Any CPU = Release|Any CPU
	EndGlobalSection
	GlobalSection(ProjectConfigurationPlatforms) = postSolution
		{D8D5DBDA-DAB6-4C42-91F1-4846F5E80E36}.Debug|Any CPU.ActiveCfg = Debug|Any CPU
		{D8D5DBDA-DAB6-4C42-91F1-4846F5E80E36}.Debug|Any CPU.Build.0 = Debug|Any CPU
		{D8D5DBDA-DAB6-4C42-91F1-4846F5E80E36}.Release|Any CPU.ActiveCfg = Release|Any CPU
		{D8D5DBDA-DAB6-4C42-91F1-4846F5E80E36}.Release|Any CPU.Build.0 = Release|Any CPU
		{6188933A-195C-4370-BEF4-48F960D9C88D}.Debug|Any CPU.ActiveCfg = Debug|Any CPU
		{6188933A-195C-4370-BEF4-48F960D9C88D}.Debug|Any CPU.Build.0 = Debug|Any CPU
		{6188933A-195C-4370-BEF4-48F960D9C88D}.Release|Any CPU.ActiveCfg = Release|Any CPU
		{6188933A-195C-4370-BEF4-48F960D9C88D}.Release|Any CPU.Build.0 = Release|Any CPU
		{948DA885-AB5F-49BD-BD1F-580012E78079}.Debug|Any CPU.ActiveCfg = Debug|Any CPU
		{948DA885-AB5F-49BD-BD1F-580012E78079}.Debug|Any CPU.Build.0 = Debug|Any CPU
		{948DA885-AB5F-49BD-BD1F-580012E78079}.Release|Any CPU.ActiveCfg = Release|Any CPU
		{948DA885-AB5F-49BD-BD1F-580012E78079}.Release|Any CPU.Build.0 = Release|Any CPU
	EndGlobalSection
	GlobalSection(SolutionProperties) = preSolution
		HideSolutionNode = FALSE
	EndGlobalSection
	GlobalSection(ExtensibilityGlobals) = postSolution
		SolutionGuid = {FB6C3C24-B811-483C-A86D-5E258B094B46}
	EndGlobalSection
EndGlobal
